
Microsoft Visual Studio Solution File, Format Version 10.00
# Visual Basic Express 2008
Project("{F184B08F-C81C-45F6-A57F-5ABD9991F28F}") = "VBConsoleApp_OdbcConnection", "VBConsoleApp_OdbcConnection\VBConsoleApp_OdbcConnection.vbproj", "{5369FAB1-4F87-4A77-8033-4CAEB6B450D6}"
EndProject
Global
	GlobalSection(SolutionConfigurationPlatforms) = preSolution
		Debug|Any CPU = Debug|Any CPU
		Release|Any CPU = Release|Any CPU
	EndGlobalSection
	GlobalSection(ProjectConfigurationPlatforms) = postSolution
		{5369FAB1-4F87-4A77-8033-4CAEB6B450D6}.Debug|Any CPU.ActiveCfg = Debug|Any CPU
		{5369FAB1-4F87-4A77-8033-4CAEB6B450D6}.Debug|Any CPU.Build.0 = Debug|Any CPU
		{5369FAB1-4F87-4A77-8033-4CAEB6B450D6}.Release|Any CPU.ActiveCfg = Release|Any CPU
		{5369FAB1-4F87-4A77-8033-4CAEB6B450D6}.Release|Any CPU.Build.0 = Release|Any CPU
	EndGlobalSection
	GlobalSection(SolutionProperties) = preSolution
		HideSolutionNode = FALSE
	EndGlobalSection
EndGlobal
