
Microsoft Visual Studio Solution File, Format Version 10.00
# Visual C# Express 2008
Project("{FAE04EC0-301F-11D3-BF4B-00C04F79EFBC}") = "NetClient", "NetClient\NetClient.csproj", "{9647E0E7-D180-4A0F-B2AF-59F967DA88F3}"
EndProject
Project("{FAE04EC0-301F-11D3-BF4B-00C04F79EFBC}") = "UI", "UI\UI.csproj", "{F323962A-1796-4A57-9160-ADF061F82F30}"
EndProject
Global
	GlobalSection(SolutionConfigurationPlatforms) = preSolution
		Debug|Any CPU = Debug|Any CPU
		Release|Any CPU = Release|Any CPU
	EndGlobalSection
	GlobalSection(ProjectConfigurationPlatforms) = postSolution
		{9647E0E7-D180-4A0F-B2AF-59F967DA88F3}.Debug|Any CPU.ActiveCfg = Debug|Any CPU
		{9647E0E7-D180-4A0F-B2AF-59F967DA88F3}.Debug|Any CPU.Build.0 = Debug|Any CPU
		{9647E0E7-D180-4A0F-B2AF-59F967DA88F3}.Release|Any CPU.ActiveCfg = Release|Any CPU
		{9647E0E7-D180-4A0F-B2AF-59F967DA88F3}.Release|Any CPU.Build.0 = Release|Any CPU
		{F323962A-1796-4A57-9160-ADF061F82F30}.Debug|Any CPU.ActiveCfg = Debug|Any CPU
		{F323962A-1796-4A57-9160-ADF061F82F30}.Debug|Any CPU.Build.0 = Debug|Any CPU
		{F323962A-1796-4A57-9160-ADF061F82F30}.Release|Any CPU.ActiveCfg = Release|Any CPU
		{F323962A-1796-4A57-9160-ADF061F82F30}.Release|Any CPU.Build.0 = Release|Any CPU
	EndGlobalSection
	GlobalSection(SolutionProperties) = preSolution
		HideSolutionNode = FALSE
	EndGlobalSection
EndGlobal
