
Microsoft Visual Studio Solution File, Format Version 12.00
# Visual Studio 14
VisualStudioVersion = 14.0.23107.0
MinimumVisualStudioVersion = 10.0.40219.1
Project("{FAE04EC0-301F-11D3-BF4B-00C04F79EFBC}") = "AsyncCS20150905", "AsyncCS20150905\AsyncCS20150905.csproj", "{7417227B-1FCC-4DA0-B617-370961C84E14}"
EndProject
Project("{FAE04EC0-301F-11D3-BF4B-00C04F79EFBC}") = "TaskTests", "TaskTests\TaskTests.csproj", "{C6F39A60-9C92-48FD-9F08-E400723B4CF9}"
EndProject
Global
	GlobalSection(SolutionConfigurationPlatforms) = preSolution
		Debug|Any CPU = Debug|Any CPU
		Release|Any CPU = Release|Any CPU
	EndGlobalSection
	GlobalSection(ProjectConfigurationPlatforms) = postSolution
		{7417227B-1FCC-4DA0-B617-370961C84E14}.Debug|Any CPU.ActiveCfg = Debug|Any CPU
		{7417227B-1FCC-4DA0-B617-370961C84E14}.Debug|Any CPU.Build.0 = Debug|Any CPU
		{7417227B-1FCC-4DA0-B617-370961C84E14}.Release|Any CPU.ActiveCfg = Release|Any CPU
		{7417227B-1FCC-4DA0-B617-370961C84E14}.Release|Any CPU.Build.0 = Release|Any CPU
		{C6F39A60-9C92-48FD-9F08-E400723B4CF9}.Debug|Any CPU.ActiveCfg = Debug|Any CPU
		{C6F39A60-9C92-48FD-9F08-E400723B4CF9}.Debug|Any CPU.Build.0 = Debug|Any CPU
		{C6F39A60-9C92-48FD-9F08-E400723B4CF9}.Release|Any CPU.ActiveCfg = Release|Any CPU
		{C6F39A60-9C92-48FD-9F08-E400723B4CF9}.Release|Any CPU.Build.0 = Release|Any CPU
	EndGlobalSection
	GlobalSection(SolutionProperties) = preSolution
		HideSolutionNode = FALSE
	EndGlobalSection
EndGlobal
