
Microsoft Visual Studio Solution File, Format Version 10.00
# Visual C# Express 2008
Project("{FAE04EC0-301F-11D3-BF4B-00C04F79EFBC}") = "Ising-Model", "Ising-Model\Ising-Model.csproj", "{8C3E2FFD-C00A-44C7-AD99-47B0D01B1455}"
EndProject
Global
	GlobalSection(SolutionConfigurationPlatforms) = preSolution
		Debug|Any CPU = Debug|Any CPU
		Release|Any CPU = Release|Any CPU
	EndGlobalSection
	GlobalSection(ProjectConfigurationPlatforms) = postSolution
		{8C3E2FFD-C00A-44C7-AD99-47B0D01B1455}.Debug|Any CPU.ActiveCfg = Debug|Any CPU
		{8C3E2FFD-C00A-44C7-AD99-47B0D01B1455}.Debug|Any CPU.Build.0 = Debug|Any CPU
		{8C3E2FFD-C00A-44C7-AD99-47B0D01B1455}.Release|Any CPU.ActiveCfg = Release|Any CPU
		{8C3E2FFD-C00A-44C7-AD99-47B0D01B1455}.Release|Any CPU.Build.0 = Release|Any CPU
	EndGlobalSection
	GlobalSection(SolutionProperties) = preSolution
		HideSolutionNode = FALSE
	EndGlobalSection
EndGlobal
