
Microsoft Visual Studio Solution File, Format Version 10.00
# Visual Web Developer Express 2008
Project("{FAE04EC0-301F-11D3-BF4B-00C04F79EFBC}") = "DTWebService", "DTWebService\DTWebService.csproj", "{601AD50E-4555-400B-B0F4-D9274291CE20}"
EndProject
Global
	GlobalSection(SolutionConfigurationPlatforms) = preSolution
		Debug|Any CPU = Debug|Any CPU
		Release|Any CPU = Release|Any CPU
	EndGlobalSection
	GlobalSection(ProjectConfigurationPlatforms) = postSolution
		{601AD50E-4555-400B-B0F4-D9274291CE20}.Debug|Any CPU.ActiveCfg = Debug|Any CPU
		{601AD50E-4555-400B-B0F4-D9274291CE20}.Debug|Any CPU.Build.0 = Debug|Any CPU
		{601AD50E-4555-400B-B0F4-D9274291CE20}.Release|Any CPU.ActiveCfg = Release|Any CPU
		{601AD50E-4555-400B-B0F4-D9274291CE20}.Release|Any CPU.Build.0 = Release|Any CPU
	EndGlobalSection
	GlobalSection(SolutionProperties) = preSolution
		HideSolutionNode = FALSE
	EndGlobalSection
EndGlobal
