
Microsoft Visual Studio Solution File, Format Version 10.00
# Visual C++ Express 2008
Project("{FAE04EC0-301F-11D3-BF4B-00C04F79EFBC}") = "Server", "Server\Server.csproj", "{53BA5FD5-60AC-4E40-A267-E9E2D937ED41}"
EndProject
Project("{FAE04EC0-301F-11D3-BF4B-00C04F79EFBC}") = "Client", "Client\Client.csproj", "{C235E0EB-CD46-4D23-8DFC-C3A7CABF26AA}"
EndProject
Global
	GlobalSection(SolutionConfigurationPlatforms) = preSolution
		Debug|Any CPU = Debug|Any CPU
		Release|Any CPU = Release|Any CPU
	EndGlobalSection
	GlobalSection(ProjectConfigurationPlatforms) = postSolution
		{53BA5FD5-60AC-4E40-A267-E9E2D937ED41}.Debug|Any CPU.ActiveCfg = Debug|Any CPU
		{53BA5FD5-60AC-4E40-A267-E9E2D937ED41}.Debug|Any CPU.Build.0 = Debug|Any CPU
		{53BA5FD5-60AC-4E40-A267-E9E2D937ED41}.Release|Any CPU.ActiveCfg = Release|Any CPU
		{53BA5FD5-60AC-4E40-A267-E9E2D937ED41}.Release|Any CPU.Build.0 = Release|Any CPU
		{C235E0EB-CD46-4D23-8DFC-C3A7CABF26AA}.Debug|Any CPU.ActiveCfg = Debug|Any CPU
		{C235E0EB-CD46-4D23-8DFC-C3A7CABF26AA}.Debug|Any CPU.Build.0 = Debug|Any CPU
		{C235E0EB-CD46-4D23-8DFC-C3A7CABF26AA}.Release|Any CPU.ActiveCfg = Release|Any CPU
		{C235E0EB-CD46-4D23-8DFC-C3A7CABF26AA}.Release|Any CPU.Build.0 = Release|Any CPU
	EndGlobalSection
	GlobalSection(SolutionProperties) = preSolution
		HideSolutionNode = FALSE
	EndGlobalSection
EndGlobal
