
Microsoft Visual Studio Solution File, Format Version 12.00
# Visual Studio 14
VisualStudioVersion = 14.0.23107.0
MinimumVisualStudioVersion = 10.0.40219.1
Project("{FAE04EC0-301F-11D3-BF4B-00C04F79EFBC}") = "EFTesting", "EFTesting\EFTesting.csproj", "{6E434F09-2F5E-4952-BFD1-308C576D8B53}"
EndProject
Global
	GlobalSection(SolutionConfigurationPlatforms) = preSolution
		Debug|Any CPU = Debug|Any CPU
		Release|Any CPU = Release|Any CPU
	EndGlobalSection
	GlobalSection(ProjectConfigurationPlatforms) = postSolution
		{6E434F09-2F5E-4952-BFD1-308C576D8B53}.Debug|Any CPU.ActiveCfg = Debug|Any CPU
		{6E434F09-2F5E-4952-BFD1-308C576D8B53}.Debug|Any CPU.Build.0 = Debug|Any CPU
		{6E434F09-2F5E-4952-BFD1-308C576D8B53}.Release|Any CPU.ActiveCfg = Release|Any CPU
		{6E434F09-2F5E-4952-BFD1-308C576D8B53}.Release|Any CPU.Build.0 = Release|Any CPU
	EndGlobalSection
	GlobalSection(SolutionProperties) = preSolution
		HideSolutionNode = FALSE
	EndGlobalSection
EndGlobal
