
Microsoft Visual Studio Solution File, Format Version 10.00
# Visual C++ Express 2008
Project("{8BC9CEB8-8B4A-11D0-8D11-00A0C91BC942}") = "LearningTests", "LearningTests\LearningTests.vcproj", "{A671982D-5F64-4AB8-AC80-4C59A3B4FBCA}"
EndProject
Project("{8BC9CEB8-8B4A-11D0-8D11-00A0C91BC942}") = "sqTable", "sqTable\sqTable.vcproj", "{0D6948C0-FEE7-402F-A25F-B566F0B97A29}"
EndProject
Project("{8BC9CEB8-8B4A-11D0-8D11-00A0C91BC942}") = "Coord", "Coord\Coord.vcproj", "{FAF2387A-EBA1-4DDE-A6C2-6920BC71EDB7}"
EndProject
Project("{8BC9CEB8-8B4A-11D0-8D11-00A0C91BC942}") = "fileWriter", "fileWriter\fileWriter.vcproj", "{1B883EA1-3AEC-4BE3-AA5F-0DCF09CB42D4}"
EndProject
Project("{8BC9CEB8-8B4A-11D0-8D11-00A0C91BC942}") = "cpf", "cpf\cpf.vcproj", "{B44E16CD-69B3-455A-9295-23020F2C6742}"
EndProject
Project("{8BC9CEB8-8B4A-11D0-8D11-00A0C91BC942}") = "externTest", "externTest\externTest.vcproj", "{EF24F604-CE76-43ED-BB75-82601BF1E5F6}"
EndProject
Project("{8BC9CEB8-8B4A-11D0-8D11-00A0C91BC942}") = "Bell_", "Bell_\Bell_.vcproj", "{531E3F76-4ACE-4BE7-902A-F5EEA6B7DE57}"
EndProject
Global
	GlobalSection(SolutionConfigurationPlatforms) = preSolution
		Debug|Win32 = Debug|Win32
		Release|Win32 = Release|Win32
	EndGlobalSection
	GlobalSection(ProjectConfigurationPlatforms) = postSolution
		{A671982D-5F64-4AB8-AC80-4C59A3B4FBCA}.Debug|Win32.ActiveCfg = Debug|Win32
		{A671982D-5F64-4AB8-AC80-4C59A3B4FBCA}.Debug|Win32.Build.0 = Debug|Win32
		{A671982D-5F64-4AB8-AC80-4C59A3B4FBCA}.Release|Win32.ActiveCfg = Release|Win32
		{A671982D-5F64-4AB8-AC80-4C59A3B4FBCA}.Release|Win32.Build.0 = Release|Win32
		{0D6948C0-FEE7-402F-A25F-B566F0B97A29}.Debug|Win32.ActiveCfg = Debug|Win32
		{0D6948C0-FEE7-402F-A25F-B566F0B97A29}.Debug|Win32.Build.0 = Debug|Win32
		{0D6948C0-FEE7-402F-A25F-B566F0B97A29}.Release|Win32.ActiveCfg = Release|Win32
		{0D6948C0-FEE7-402F-A25F-B566F0B97A29}.Release|Win32.Build.0 = Release|Win32
		{FAF2387A-EBA1-4DDE-A6C2-6920BC71EDB7}.Debug|Win32.ActiveCfg = Debug|Win32
		{FAF2387A-EBA1-4DDE-A6C2-6920BC71EDB7}.Debug|Win32.Build.0 = Debug|Win32
		{FAF2387A-EBA1-4DDE-A6C2-6920BC71EDB7}.Release|Win32.ActiveCfg = Release|Win32
		{FAF2387A-EBA1-4DDE-A6C2-6920BC71EDB7}.Release|Win32.Build.0 = Release|Win32
		{1B883EA1-3AEC-4BE3-AA5F-0DCF09CB42D4}.Debug|Win32.ActiveCfg = Debug|Win32
		{1B883EA1-3AEC-4BE3-AA5F-0DCF09CB42D4}.Debug|Win32.Build.0 = Debug|Win32
		{1B883EA1-3AEC-4BE3-AA5F-0DCF09CB42D4}.Release|Win32.ActiveCfg = Release|Win32
		{1B883EA1-3AEC-4BE3-AA5F-0DCF09CB42D4}.Release|Win32.Build.0 = Release|Win32
		{B44E16CD-69B3-455A-9295-23020F2C6742}.Debug|Win32.ActiveCfg = Debug|Win32
		{B44E16CD-69B3-455A-9295-23020F2C6742}.Debug|Win32.Build.0 = Debug|Win32
		{B44E16CD-69B3-455A-9295-23020F2C6742}.Release|Win32.ActiveCfg = Release|Win32
		{B44E16CD-69B3-455A-9295-23020F2C6742}.Release|Win32.Build.0 = Release|Win32
		{EF24F604-CE76-43ED-BB75-82601BF1E5F6}.Debug|Win32.ActiveCfg = Debug|Win32
		{EF24F604-CE76-43ED-BB75-82601BF1E5F6}.Debug|Win32.Build.0 = Debug|Win32
		{EF24F604-CE76-43ED-BB75-82601BF1E5F6}.Release|Win32.ActiveCfg = Release|Win32
		{EF24F604-CE76-43ED-BB75-82601BF1E5F6}.Release|Win32.Build.0 = Release|Win32
		{531E3F76-4ACE-4BE7-902A-F5EEA6B7DE57}.Debug|Win32.ActiveCfg = Debug|Win32
		{531E3F76-4ACE-4BE7-902A-F5EEA6B7DE57}.Debug|Win32.Build.0 = Debug|Win32
		{531E3F76-4ACE-4BE7-902A-F5EEA6B7DE57}.Release|Win32.ActiveCfg = Release|Win32
		{531E3F76-4ACE-4BE7-902A-F5EEA6B7DE57}.Release|Win32.Build.0 = Release|Win32
	EndGlobalSection
	GlobalSection(SolutionProperties) = preSolution
		HideSolutionNode = FALSE
	EndGlobalSection
EndGlobal
